
Microsoft Visual Studio Solution File, Format Version 12.00
# Visual Studio Version 17
VisualStudioVersion = 17.1.32328.378
MinimumVisualStudioVersion = 10.0.40219.1
Project("{FAE04EC0-301F-11D3-BF4B-00C04F79EFBC}") = "SesorPublisher.API", "SesorPublisher.API\SesorPublisher.API.csproj", "{A1110C18-5A33-4584-A77C-4EB83F26CAF6}"
EndProject
Project("{9A19103F-16F7-4668-BE54-9A1E7A4F7556}") = "Kafka.Consumer", "..\Kafka.Consumer\Kafka.Consumer\Kafka.Consumer.csproj", "{8E8A2302-B73E-4FE2-BA63-29440F49DBE5}"
EndProject
Project("{9A19103F-16F7-4668-BE54-9A1E7A4F7556}") = "kafka", "..\kafka\kafka\kafka.csproj", "{D328A9EC-5914-48E5-BAC8-49872174396B}"
EndProject
Global
	GlobalSection(SolutionConfigurationPlatforms) = preSolution
		Debug|Any CPU = Debug|Any CPU
		Release|Any CPU = Release|Any CPU
	EndGlobalSection
	GlobalSection(ProjectConfigurationPlatforms) = postSolution
		{A1110C18-5A33-4584-A77C-4EB83F26CAF6}.Debug|Any CPU.ActiveCfg = Debug|Any CPU
		{A1110C18-5A33-4584-A77C-4EB83F26CAF6}.Debug|Any CPU.Build.0 = Debug|Any CPU
		{A1110C18-5A33-4584-A77C-4EB83F26CAF6}.Release|Any CPU.ActiveCfg = Release|Any CPU
		{A1110C18-5A33-4584-A77C-4EB83F26CAF6}.Release|Any CPU.Build.0 = Release|Any CPU
		{8E8A2302-B73E-4FE2-BA63-29440F49DBE5}.Debug|Any CPU.ActiveCfg = Debug|Any CPU
		{8E8A2302-B73E-4FE2-BA63-29440F49DBE5}.Debug|Any CPU.Build.0 = Debug|Any CPU
		{8E8A2302-B73E-4FE2-BA63-29440F49DBE5}.Release|Any CPU.ActiveCfg = Release|Any CPU
		{8E8A2302-B73E-4FE2-BA63-29440F49DBE5}.Release|Any CPU.Build.0 = Release|Any CPU
		{D328A9EC-5914-48E5-BAC8-49872174396B}.Debug|Any CPU.ActiveCfg = Debug|Any CPU
		{D328A9EC-5914-48E5-BAC8-49872174396B}.Debug|Any CPU.Build.0 = Debug|Any CPU
		{D328A9EC-5914-48E5-BAC8-49872174396B}.Release|Any CPU.ActiveCfg = Release|Any CPU
		{D328A9EC-5914-48E5-BAC8-49872174396B}.Release|Any CPU.Build.0 = Release|Any CPU
	EndGlobalSection
	GlobalSection(SolutionProperties) = preSolution
		HideSolutionNode = FALSE
	EndGlobalSection
	GlobalSection(ExtensibilityGlobals) = postSolution
		SolutionGuid = {D7BD6944-3B99-4B4C-84BA-E6281D9B961C}
	EndGlobalSection
EndGlobal
