
Microsoft Visual Studio Solution File, Format Version 12.00
# Visual Studio Version 17
VisualStudioVersion = 17.1.32328.378
MinimumVisualStudioVersion = 10.0.40219.1
Project("{FAE04EC0-301F-11D3-BF4B-00C04F79EFBC}") = "RedisDemo", "RedisDemo\RedisDemo.csproj", "{B11131A9-7EB4-4779-93D8-FA717DE21509}"
EndProject
Global
	GlobalSection(SolutionConfigurationPlatforms) = preSolution
		Debug|Any CPU = Debug|Any CPU
		Release|Any CPU = Release|Any CPU
	EndGlobalSection
	GlobalSection(ProjectConfigurationPlatforms) = postSolution
		{B11131A9-7EB4-4779-93D8-FA717DE21509}.Debug|Any CPU.ActiveCfg = Debug|Any CPU
		{B11131A9-7EB4-4779-93D8-FA717DE21509}.Debug|Any CPU.Build.0 = Debug|Any CPU
		{B11131A9-7EB4-4779-93D8-FA717DE21509}.Release|Any CPU.ActiveCfg = Release|Any CPU
		{B11131A9-7EB4-4779-93D8-FA717DE21509}.Release|Any CPU.Build.0 = Release|Any CPU
	EndGlobalSection
	GlobalSection(SolutionProperties) = preSolution
		HideSolutionNode = FALSE
	EndGlobalSection
	GlobalSection(ExtensibilityGlobals) = postSolution
		SolutionGuid = {181B9159-73F4-4F25-8D74-70C6BFB8A899}
	EndGlobalSection
EndGlobal
